{
  "requires": true,
  "lockfileVersion": 1,
  "dependencies": {
    "google-closure-library": {
      "version": "20190729.0.0",
      "resolved": "https://registry.npmjs.org/google-closure-library/-/google-closure-library-20190729.0.0.tgz",
      "integrity": "sha512-4GvCxIeZdxHsfEHkpcX0o36ZWd9tXbGoSgglIVBcw5vYV1QPo19e1uKWgvmba+lUpg4U6/DO8PTkylBNYDzIvw==",
      "dev": true
    },
    "jquery": {
      "version": "3.4.1",
      "resolved": "https://registry.npmjs.org/jquery/-/jquery-3.4.1.tgz",
      "integrity": "sha512-36+AdBzCL+y6qjw5Tx7HgzeGCzC81MDDgaUP8ld2zhx58HdqXGoBd+tHdrBMiyjGQs0Hxs/MLZTu/eHNJJuWPw==",
      "dev": true
    }
  }
}
